cel.dev/expr v0.25.1 h1:1KrZg61W6TWSxuNZ37Xy49ps13NUovb66QLprthtwi4=
cel.dev/expr v0.25.1/go.mod h1:hrXvqGP6G6gyx8UAHSHJ5RGk//1Oj5nXQ2NI02Nrsg4=
github.com/antlr4-go/antlr/v4 v4.13.1 h1:SqQKkuVZ+zWkMMNkjy5FZe5mr5WURWnlpmOuzYWrPrQ=
github.com/antlr4-go/antlr/v4 v4.13.1/go.mod h1:GKmUxMtwp6ZgGwZSva4eWPC5mS6vUAmOABFgjdkM7Nw=
github.com/google/cel-go v0.28.1 h1:YWIwi77J4xIsYUwAF/iIuS6haffzIHS8yWI8glSbLWM=
github.com/google/cel-go v0.28.1/go.mod h1:X0bD6iVNR8pkROSOoHVdgTkzmRcosof7WQqCD6wcMc8=
github.com/kr/pretty v0.1.0 h1:L/CwN0zerZDmRFUapSPitk6f+Q3+0za1rQkzVuMiMFI=
github.com/kr/pretty v0.1.0/go.mod h1:dAy3ld7l9f0ibDNOQOHHMYYIIbhfbHSm3C4ZsoJORNo=
github.com/kr/text v0.2.0 h1:5Nx0Ya0ZqY2ygV366QzturHI13Jq95ApcVaJBhpS+AY=
github.com/kr/text v0.2.0/go.mod h1:eLer722TekiGuMkidMxC/pM04lWEeraHUUmBw8l2grE=
github.com/odvcencio/gotreesitter v0.22.5 h1:9yCcHp2cHqNJynvmrhAzxd0pdbEIYE0weN1j3+LGctI=
github.com/odvcencio/gotreesitter v0.22.5/go.mod h1:hBVkghd0paaYAVwd2087vfwdeU984bQbMo9LvpE0moo=
github.com/pelletier/go-toml/v2 v2.4.2 h1:M2fKKbmyvI+hGId/D0W64qDBMVhJnNR10O5gIbMc//Q=
github.com/pelletier/go-toml/v2 v2.4.2/go.mod h1:2gIqNv+qfxSVS7cM2xJQKtLSTLUE9V8t9Stt+h56mCY=
github.com/richardwooding/codemetrics v0.12.0 h1:N+8gHtniPcbNYVIo8DhvNpDolwXqitNIjZ/JUvhLW+o=
github.com/richardwooding/codemetrics v0.12.0/go.mod h1:g8JyO8DkUU+C3iGa6R2RzLRPgmSPP+0kH1XnQzc10m8=
github.com/richardwooding/gitmeta v0.1.0 h1:TOf6P+dzcFh5fFbDwJrJFVUGPzbwqyg76wRosuYrlBA=
github.com/richardwooding/gitmeta v0.1.0/go.mod h1:arft+ynVGxEeeRnQMnosIvlfsaxEAaHoBYh1U7Nq1n0=
github.com/richardwooding/go-coupling v0.3.0 h1:UNprYcitu3tW9H6+9o1Ia5CJvgbPFU1ylaV0b20CtJc=
github.com/richardwooding/go-coupling v0.3.0/go.mod h1:Ygz2/NnbEEFLe50QPpe8TsmNQy7Az+FwzyMi8sOwzPo=
github.com/richardwooding/projectdetect v0.6.0 h1:1MXRdvc8RCdoKAJVvDKQJtSoxgJ06ehHPmwASaTYP7w=
github.com/richardwooding/projectdetect v0.6.0/go.mod h1:+49ozT8n9+Hsu93/nb7wKclou9qLpEtqLeqefrR4bEg=
github.com/richardwooding/treesitter-symbols v0.6.0 h1:DK1lXuaPwBXpYJwejsXEXnVhtq8QjQwQuX7JHEc67Tw=
github.com/richardwooding/treesitter-symbols v0.6.0/go.mod h1:rPcSSjosnFGUbcYwjALrQHLxsTQUjNI8h7IXEpz1fA0=
go.yaml.in/yaml/v3 v3.0.4 h1:tfq32ie2Jv2UxXFdLJdh3jXuOzWiL1fo0bu/FbuKpbc=
go.yaml.in/yaml/v3 v3.0.4/go.mod h1:DhzuOOF2ATzADvBadXxruRBLzYTpT36CKvDb3+aBEFg=
golang.org/x/exp v0.0.0-20240823005443-9b4947da3948 h1:kx6Ds3MlpiUHKj7syVnbp57++8WpuKPcR5yjLBjvLEA=
golang.org/x/exp v0.0.0-20240823005443-9b4947da3948/go.mod h1:akd2r19cwCdwSwWeIdzYQGa/EZZyqcOdwWiwj5L5eKQ=
google.golang.org/genproto/googleapis/api v0.0.0-20240826202546-f6391c0de4c7 h1:YcyjlL1PRr2Q17/I0dPk2JmYS5CDXfcdb2Z3YRioEbw=
google.golang.org/genproto/googleapis/api v0.0.0-20240826202546-f6391c0de4c7/go.mod h1:OCdP9MfskevB/rbYvHTsXTtKC+3bHWajPdoKgjcYkfo=
google.golang.org/genproto/googleapis/rpc v0.0.0-20240826202546-f6391c0de4c7 h1:2035KHhUv+EpyB+hWgJnaWKJOdX1E95w2S8Rr4uWKTs=
google.golang.org/genproto/googleapis/rpc v0.0.0-20240826202546-f6391c0de4c7/go.mod h1:UqMtugtsSgubUsoxbuAoiCXvqvErP7Gf0so0mK9tHxU=
google.golang.org/protobuf v1.36.10 h1:AYd7cD/uASjIL6Q9LiTjz8JLcrh/88q5UObnmY3aOOE=
google.golang.org/protobuf v1.36.10/go.mod h1:HTf+CrKn2C3g5S8VImy6tdcUvCska2kB7j23XfzDpco=
gopkg.in/check.v1 v0.0.0-20161208181325-20d25e280405/go.mod h1:Co6ibVJAznAaIkqp8huTwlJQCZ016jof/cbN4VW5Yz0=
gopkg.in/check.v1 v1.0.0-20180628173108-788fd7840127 h1:qIbj1fsPNlZgppZ+VLlY7N33q108Sa+fhmuc+sWQYwY=
gopkg.in/check.v1 v1.0.0-20180628173108-788fd7840127/go.mod h1:Co6ibVJAznAaIkqp8huTwlJQCZ016jof/cbN4VW5Yz0=
gopkg.in/yaml.v3 v3.0.1 h1:fxVm/GzAzEWqLHuvctI91KS9hhNmmWOoWu0XTYJS7CA=
gopkg.in/yaml.v3 v3.0.1/go.mod h1:K4uyk7z7BCEPqu6E+C64Yfv1cQ7kz7rIZviUmN+EgEM=
