github.com/richardwooding/codemetrics v0.11.0 h1:FsJNAnNcLo9BQ1bF1Hkg4Z0bDigyr0h5MfrvR3b01Zo=
github.com/richardwooding/codemetrics v0.11.0/go.mod h1:hDgNhkfUfWMtUt/TJfRr+AOvVS266KAwCeaDKvtkMw0=
github.com/richardwooding/gitmeta v0.1.0 h1:TOf6P+dzcFh5fFbDwJrJFVUGPzbwqyg76wRosuYrlBA=
github.com/richardwooding/gitmeta v0.1.0/go.mod h1:arft+ynVGxEeeRnQMnosIvlfsaxEAaHoBYh1U7Nq1n0=
